<Solution Description="Visual Studio slnx file generated by Premake" Version="1.4">
  <Configurations>
    <BuildType Name="Debug" />
    <BuildType Name="Dist" />
    <BuildType Name="Release" />
    <Platform Name="x64" />
  </Configurations>
  <Project Path="Mochii\Mochii.vcxproj" Id="FEEE8CC3-EA90-B799-D34B-CBEDBF8C3EEA">
  </Project>
  <Project Path="Sandbox\Sandbox.vcxproj" Id="F4C124E3-60A1-A37E-69B9-2E55D5170AE0">
  </Project>
</Solution>