<?xml version="1.0" encoding="utf-8"?>
<Project ToolsVersion="4.0" xmlns="http://schemas.microsoft.com/developer/msbuild/2003">
  <ItemGroup>
    <Filter Include="Mochii">
      <UniqueIdentifier>{FEEE8CC3-EA90-B799-D34B-CBEDBF8C3EEA}</UniqueIdentifier>
    </Filter>
    <Filter Include="Mochii\Events">
      <UniqueIdentifier>{2211BC36-8ED1-376D-570C-81EAC38B7C49}</UniqueIdentifier>
    </Filter>
    <Filter Include="Mochii\ImGui">
      <UniqueIdentifier>{A82A58B4-948D-E758-3D13-200F2955B3DB}</UniqueIdentifier>
    </Filter>
    <Filter Include="Mochii\Platform">
      <UniqueIdentifier>{12E922F2-7E74-90B6-8785-13ABF38FECB6}</UniqueIdentifier>
    </Filter>
    <Filter Include="Mochii\Platform\Windows">
      <UniqueIdentifier>{4C85C9ED-B8BC-1185-C1C6-75A82D7D387E}</UniqueIdentifier>
    </Filter>
  </ItemGroup>
  <ItemGroup>
    <ClInclude Include="src\Mochii.h" />
    <ClInclude Include="src\Mochii\Application.h">
      <Filter>Mochii</Filter>
    </ClInclude>
    <ClInclude Include="src\Mochii\Core.h">
      <Filter>Mochii</Filter>
    </ClInclude>
    <ClInclude Include="src\Mochii\EntryPoint.h">
      <Filter>Mochii</Filter>
    </ClInclude>
    <ClInclude Include="src\Mochii\Events\ApplicationEvent.h">
      <Filter>Mochii\Events</Filter>
    </ClInclude>
    <ClInclude Include="src\Mochii\Events\Event.h">
      <Filter>Mochii\Events</Filter>
    </ClInclude>
    <ClInclude Include="src\Mochii\Events\KeyEvent.h">
      <Filter>Mochii\Events</Filter>
    </ClInclude>
    <ClInclude Include="src\Mochii\Events\MouseEvent.h">
      <Filter>Mochii\Events</Filter>
    </ClInclude>
    <ClInclude Include="src\Mochii\ImGui\ImGuiLayer.h">
      <Filter>Mochii\ImGui</Filter>
    </ClInclude>
    <ClInclude Include="src\Mochii\Input.h">
      <Filter>Mochii</Filter>
    </ClInclude>
    <ClInclude Include="src\Mochii\KeyCodes.h">
      <Filter>Mochii</Filter>
    </ClInclude>
    <ClInclude Include="src\Mochii\Layer.h">
      <Filter>Mochii</Filter>
    </ClInclude>
    <ClInclude Include="src\Mochii\LayerStack.h">
      <Filter>Mochii</Filter>
    </ClInclude>
    <ClInclude Include="src\Mochii\Log.h">
      <Filter>Mochii</Filter>
    </ClInclude>
    <ClInclude Include="src\Mochii\MouseButtonCodes.h">
      <Filter>Mochii</Filter>
    </ClInclude>
    <ClInclude Include="src\Mochii\Platform\Windows\WindowsInput.h">
      <Filter>Mochii\Platform\Windows</Filter>
    </ClInclude>
    <ClInclude Include="src\Mochii\Platform\Windows\WindowsWindow.h">
      <Filter>Mochii\Platform\Windows</Filter>
    </ClInclude>
    <ClInclude Include="src\Mochii\Window.h">
      <Filter>Mochii</Filter>
    </ClInclude>
    <ClInclude Include="src\mzpch.h" />
    <ClInclude Include="src\Mochii\Renderer\GraphicsContext.h" />
    <ClInclude Include="src\Mochii\Platform\OpenGL\OpenGLContext.h" />
    <ClInclude Include="src\Mochii\Renderer\Shader.h" />
  </ItemGroup>
  <ItemGroup>
    <ClCompile Include="src\Mochii\Application.cpp">
      <Filter>Mochii</Filter>
    </ClCompile>
    <ClCompile Include="src\Mochii\ImGui\ImGuiBuild.cpp">
      <Filter>Mochii\ImGui</Filter>
    </ClCompile>
    <ClCompile Include="src\Mochii\ImGui\ImGuiLayer.cpp">
      <Filter>Mochii\ImGui</Filter>
    </ClCompile>
    <ClCompile Include="src\Mochii\Layer.cpp">
      <Filter>Mochii</Filter>
    </ClCompile>
    <ClCompile Include="src\Mochii\LayerStack.cpp">
      <Filter>Mochii</Filter>
    </ClCompile>
    <ClCompile Include="src\Mochii\Log.cpp">
      <Filter>Mochii</Filter>
    </ClCompile>
    <ClCompile Include="src\Mochii\Platform\Windows\WindowsInput.cpp">
      <Filter>Mochii\Platform\Windows</Filter>
    </ClCompile>
    <ClCompile Include="src\Mochii\Platform\Windows\WindowsWindow.cpp">
      <Filter>Mochii\Platform\Windows</Filter>
    </ClCompile>
    <ClCompile Include="src\mzpch.cpp" />
    <ClCompile Include="src\Mochii\Platform\OpenGL\OpenGLContext.cpp" />
    <ClCompile Include="src\Mochii\Renderer\Shader.cpp" />
  </ItemGroup>
</Project>