<?xml version="1.0" encoding="utf-8"?>
<Project ToolsVersion="4.0" xmlns="http://schemas.microsoft.com/developer/msbuild/2003">
  <ItemGroup>
    <Filter Include="Mochii">
      <UniqueIdentifier>{FEEE8CC3-EA90-B799-D34B-CBEDBF8C3EEA}</UniqueIdentifier>
    </Filter>
    <Filter Include="Mochii\Events">
      <UniqueIdentifier>{2211BC36-8ED1-376D-570C-81EAC38B7C49}</UniqueIdentifier>
    </Filter>
    <Filter Include="Mochii\Platform">
      <UniqueIdentifier>{12E922F2-7E74-90B6-8785-13ABF38FECB6}</UniqueIdentifier>
    </Filter>
  </ItemGroup>
  <ItemGroup>
    <ClInclude Include="src\Mochii.h" />
    <ClInclude Include="src\Mochii\Application.h">
      <Filter>Mochii</Filter>
    </ClInclude>
    <ClInclude Include="src\Mochii\Core.h">
      <Filter>Mochii</Filter>
    </ClInclude>
    <ClInclude Include="src\Mochii\EntryPoint.h">
      <Filter>Mochii</Filter>
    </ClInclude>
    <ClInclude Include="src\Mochii\Events\ApplicationEvent.h">
      <Filter>Mochii\Events</Filter>
    </ClInclude>
    <ClInclude Include="src\Mochii\Events\Event.h">
      <Filter>Mochii\Events</Filter>
    </ClInclude>
    <ClInclude Include="src\Mochii\Events\KeyEvent.h">
      <Filter>Mochii\Events</Filter>
    </ClInclude>
    <ClInclude Include="src\Mochii\Events\MouseEvent.h">
      <Filter>Mochii\Events</Filter>
    </ClInclude>
    <ClInclude Include="src\Mochii\Layer.h">
      <Filter>Mochii</Filter>
    </ClInclude>
    <ClInclude Include="src\Mochii\LayerStack.h">
      <Filter>Mochii</Filter>
    </ClInclude>
    <ClInclude Include="src\Mochii\Log.h">
      <Filter>Mochii</Filter>
    </ClInclude>
    <ClInclude Include="src\Mochii\Platform\WindowsWindow.h">
      <Filter>Mochii\Platform</Filter>
    </ClInclude>
    <ClInclude Include="src\Mochii\Window.h">
      <Filter>Mochii</Filter>
    </ClInclude>
    <ClInclude Include="src\mzpch.h" />
  </ItemGroup>
  <ItemGroup>
    <ClCompile Include="src\Mochii\Application.cpp">
      <Filter>Mochii</Filter>
    </ClCompile>
    <ClCompile Include="src\Mochii\Layer.cpp">
      <Filter>Mochii</Filter>
    </ClCompile>
    <ClCompile Include="src\Mochii\LayerStack.cpp">
      <Filter>Mochii</Filter>
    </ClCompile>
    <ClCompile Include="src\Mochii\Log.cpp">
      <Filter>Mochii</Filter>
    </ClCompile>
    <ClCompile Include="src\Mochii\Platform\WindowsWindow.cpp">
      <Filter>Mochii\Platform</Filter>
    </ClCompile>
    <ClCompile Include="src\mzpch.cpp" />
  </ItemGroup>
</Project>